
Microsoft Visual Studio Solution File, Format Version 11.00
# Visual C# Express 2010
Project("{FAE04EC0-301F-11D3-BF4B-00C04F79EFBC}") = "RomanNumerals", "RomanNumerals\RomanNumerals.csproj", "{969B1D43-F412-4279-89F1-E20185E2A3D0}"
EndProject
Project("{FAE04EC0-301F-11D3-BF4B-00C04F79EFBC}") = "RomanNumeralsTest", "RomanNumeralsTest\RomanNumeralsTest.csproj", "{18D55E89-E236-4AD9-B92B-B4DAAF1DFFE1}"
EndProject
Global
	GlobalSection(SolutionConfigurationPlatforms) = preSolution
		Debug|Any CPU = Debug|Any CPU
		Release|Any CPU = Release|Any CPU
	EndGlobalSection
	GlobalSection(ProjectConfigurationPlatforms) = postSolution
		{969B1D43-F412-4279-89F1-E20185E2A3D0}.Debug|Any CPU.ActiveCfg = Debug|Any CPU
		{969B1D43-F412-4279-89F1-E20185E2A3D0}.Debug|Any CPU.Build.0 = Debug|Any CPU
		{969B1D43-F412-4279-89F1-E20185E2A3D0}.Release|Any CPU.ActiveCfg = Release|Any CPU
		{969B1D43-F412-4279-89F1-E20185E2A3D0}.Release|Any CPU.Build.0 = Release|Any CPU
		{18D55E89-E236-4AD9-B92B-B4DAAF1DFFE1}.Debug|Any CPU.ActiveCfg = Debug|Any CPU
		{18D55E89-E236-4AD9-B92B-B4DAAF1DFFE1}.Debug|Any CPU.Build.0 = Debug|Any CPU
		{18D55E89-E236-4AD9-B92B-B4DAAF1DFFE1}.Release|Any CPU.ActiveCfg = Release|Any CPU
		{18D55E89-E236-4AD9-B92B-B4DAAF1DFFE1}.Release|Any CPU.Build.0 = Release|Any CPU
	EndGlobalSection
	GlobalSection(SolutionProperties) = preSolution
		HideSolutionNode = FALSE
	EndGlobalSection
EndGlobal
